
Microsoft Visual Studio Solution File, Format Version 9.00
# Visual C# Express 2005
Project("{FAE04EC0-301F-11D3-BF4B-00C04F79EFBC}") = "Scatter", "Scatter.csproj", "{80DE43D0-1490-4DE0-971F-640A40A261C0}"
EndProject
Project("{FAE04EC0-301F-11D3-BF4B-00C04F79EFBC}") = "F2D", "..\..\Frostwave 2D\F2D\F2D.csproj", "{7D1BA0E6-3062-4DEF-8D6A-83FA6CD3BEBD}"
EndProject
Project("{FAE04EC0-301F-11D3-BF4B-00C04F79EFBC}") = "FarseerPhysics", "..\..\Frostwave 2D\FarseerPhysics\FarseerPhysics.csproj", "{48E7E660-6728-40F9-91AB-AFCD9477EF5F}"
EndProject
Global
	GlobalSection(SolutionConfigurationPlatforms) = preSolution
		Debug|x86 = Debug|x86
		Debug|Xbox 360 = Debug|Xbox 360
		Release|x86 = Release|x86
		Release|Xbox 360 = Release|Xbox 360
	EndGlobalSection
	GlobalSection(ProjectConfigurationPlatforms) = postSolution
		{80DE43D0-1490-4DE0-971F-640A40A261C0}.Debug|x86.ActiveCfg = Debug|x86
		{80DE43D0-1490-4DE0-971F-640A40A261C0}.Debug|x86.Build.0 = Debug|x86
		{80DE43D0-1490-4DE0-971F-640A40A261C0}.Debug|Xbox 360.ActiveCfg = Debug|x86
		{80DE43D0-1490-4DE0-971F-640A40A261C0}.Release|x86.ActiveCfg = Release|x86
		{80DE43D0-1490-4DE0-971F-640A40A261C0}.Release|x86.Build.0 = Release|x86
		{80DE43D0-1490-4DE0-971F-640A40A261C0}.Release|Xbox 360.ActiveCfg = Release|x86
		{DCA128D1-ABA5-4ADC-B56B-E7C573E860D0}.Debug|x86.ActiveCfg = Debug|x86
		{DCA128D1-ABA5-4ADC-B56B-E7C573E860D0}.Debug|Xbox 360.ActiveCfg = Debug|x86
		{DCA128D1-ABA5-4ADC-B56B-E7C573E860D0}.Release|x86.ActiveCfg = Release|x86
		{DCA128D1-ABA5-4ADC-B56B-E7C573E860D0}.Release|Xbox 360.ActiveCfg = Release|x86
		{7D1BA0E6-3062-4DEF-8D6A-83FA6CD3BEBD}.Debug|x86.ActiveCfg = Debug|x86
		{7D1BA0E6-3062-4DEF-8D6A-83FA6CD3BEBD}.Debug|x86.Build.0 = Debug|x86
		{7D1BA0E6-3062-4DEF-8D6A-83FA6CD3BEBD}.Debug|Xbox 360.ActiveCfg = Debug|x86
		{7D1BA0E6-3062-4DEF-8D6A-83FA6CD3BEBD}.Release|x86.ActiveCfg = Release|x86
		{7D1BA0E6-3062-4DEF-8D6A-83FA6CD3BEBD}.Release|x86.Build.0 = Release|x86
		{7D1BA0E6-3062-4DEF-8D6A-83FA6CD3BEBD}.Release|Xbox 360.ActiveCfg = Release|x86
		{E978EB45-8824-4599-AA6F-8222D6E23C4F}.Debug|x86.ActiveCfg = Debug|x86
		{E978EB45-8824-4599-AA6F-8222D6E23C4F}.Debug|Xbox 360.ActiveCfg = Debug|x86
		{E978EB45-8824-4599-AA6F-8222D6E23C4F}.Release|x86.ActiveCfg = Release|x86
		{E978EB45-8824-4599-AA6F-8222D6E23C4F}.Release|Xbox 360.ActiveCfg = Release|x86
		{48E7E660-6728-40F9-91AB-AFCD9477EF5F}.Debug|x86.ActiveCfg = Debug|x86
		{48E7E660-6728-40F9-91AB-AFCD9477EF5F}.Debug|x86.Build.0 = Debug|x86
		{48E7E660-6728-40F9-91AB-AFCD9477EF5F}.Debug|Xbox 360.ActiveCfg = Debug|x86
		{48E7E660-6728-40F9-91AB-AFCD9477EF5F}.Release|x86.ActiveCfg = Release|x86
		{48E7E660-6728-40F9-91AB-AFCD9477EF5F}.Release|x86.Build.0 = Release|x86
		{48E7E660-6728-40F9-91AB-AFCD9477EF5F}.Release|Xbox 360.ActiveCfg = Release|x86
		{449ADBD6-9021-4CF7-910C-DD69C58B397D}.Debug|x86.ActiveCfg = Debug|x86
		{449ADBD6-9021-4CF7-910C-DD69C58B397D}.Debug|Xbox 360.ActiveCfg = Debug|Xbox 360
		{449ADBD6-9021-4CF7-910C-DD69C58B397D}.Release|x86.ActiveCfg = Release|x86
		{449ADBD6-9021-4CF7-910C-DD69C58B397D}.Release|Xbox 360.ActiveCfg = Release|Xbox 360
	EndGlobalSection
	GlobalSection(SolutionProperties) = preSolution
		HideSolutionNode = FALSE
	EndGlobalSection
EndGlobal
